
Microsoft Visual Studio Solution File, Format Version 12.00
Project("{FAE04EC0-301F-11D3-BF4B-00C04F79EFBC}") = "RESTAPI", "RESTAPI\RESTAPI.csproj", "{8EECDBD5-A623-45EF-A2BA-BC6B076D14D7}"
EndProject
Project("{2150E333-8FDC-42A3-9474-1A3956D46DE8}") = "Presentation", "Presentation", "{E883AA4F-8978-4B0E-94F4-19526FCD5C15}"
EndProject
Project("{2150E333-8FDC-42A3-9474-1A3956D46DE8}") = "Infrastructure", "Infrastructure", "{BB3575E9-F883-4D9D-A49B-1F9810F624E0}"
EndProject
Project("{2150E333-8FDC-42A3-9474-1A3956D46DE8}") = "Core", "Core", "{C32DEFC1-3138-4297-87E7-61C0A8E29CBA}"
EndProject
Project("{FAE04EC0-301F-11D3-BF4B-00C04F79EFBC}") = "Application", "Application\Application.csproj", "{487D6F35-F012-4A08-B01F-71F3E814E0B9}"
EndProject
Project("{FAE04EC0-301F-11D3-BF4B-00C04F79EFBC}") = "Infrastructure", "Infrastructure\Infrastructure.csproj", "{EBA75588-9265-4877-9231-41CD3127F3B0}"
EndProject
Project("{FAE04EC0-301F-11D3-BF4B-00C04F79EFBC}") = "ReadModel", "ReadModel\ReadModel.csproj", "{F4F5AB2D-A0AE-4795-9C9D-0D20638C08C7}"
EndProject
Project("{FAE04EC0-301F-11D3-BF4B-00C04F79EFBC}") = "ReadModelUpdateRunner", "ReadModelUpdateRunner\ReadModelUpdateRunner.csproj", "{93E13A6F-D360-4F5D-AEC9-D78AFDFCBDDA}"
EndProject
Project("{FAE04EC0-301F-11D3-BF4B-00C04F79EFBC}") = "Domain", "Domain\Domain.csproj", "{A6CAB6B3-BAB5-4C04-8879-E94B2B3FF537}"
EndProject
Global
	GlobalSection(SolutionConfigurationPlatforms) = preSolution
		Debug|Any CPU = Debug|Any CPU
		Release|Any CPU = Release|Any CPU
	EndGlobalSection
	GlobalSection(ProjectConfigurationPlatforms) = postSolution
		{8EECDBD5-A623-45EF-A2BA-BC6B076D14D7}.Debug|Any CPU.ActiveCfg = Debug|Any CPU
		{8EECDBD5-A623-45EF-A2BA-BC6B076D14D7}.Debug|Any CPU.Build.0 = Debug|Any CPU
		{8EECDBD5-A623-45EF-A2BA-BC6B076D14D7}.Release|Any CPU.ActiveCfg = Release|Any CPU
		{8EECDBD5-A623-45EF-A2BA-BC6B076D14D7}.Release|Any CPU.Build.0 = Release|Any CPU
		{487D6F35-F012-4A08-B01F-71F3E814E0B9}.Debug|Any CPU.ActiveCfg = Debug|Any CPU
		{487D6F35-F012-4A08-B01F-71F3E814E0B9}.Debug|Any CPU.Build.0 = Debug|Any CPU
		{487D6F35-F012-4A08-B01F-71F3E814E0B9}.Release|Any CPU.ActiveCfg = Release|Any CPU
		{487D6F35-F012-4A08-B01F-71F3E814E0B9}.Release|Any CPU.Build.0 = Release|Any CPU
		{EBA75588-9265-4877-9231-41CD3127F3B0}.Debug|Any CPU.ActiveCfg = Debug|Any CPU
		{EBA75588-9265-4877-9231-41CD3127F3B0}.Debug|Any CPU.Build.0 = Debug|Any CPU
		{EBA75588-9265-4877-9231-41CD3127F3B0}.Release|Any CPU.ActiveCfg = Release|Any CPU
		{EBA75588-9265-4877-9231-41CD3127F3B0}.Release|Any CPU.Build.0 = Release|Any CPU
		{F4F5AB2D-A0AE-4795-9C9D-0D20638C08C7}.Debug|Any CPU.ActiveCfg = Debug|Any CPU
		{F4F5AB2D-A0AE-4795-9C9D-0D20638C08C7}.Debug|Any CPU.Build.0 = Debug|Any CPU
		{F4F5AB2D-A0AE-4795-9C9D-0D20638C08C7}.Release|Any CPU.ActiveCfg = Release|Any CPU
		{F4F5AB2D-A0AE-4795-9C9D-0D20638C08C7}.Release|Any CPU.Build.0 = Release|Any CPU
		{93E13A6F-D360-4F5D-AEC9-D78AFDFCBDDA}.Debug|Any CPU.ActiveCfg = Debug|Any CPU
		{93E13A6F-D360-4F5D-AEC9-D78AFDFCBDDA}.Debug|Any CPU.Build.0 = Debug|Any CPU
		{93E13A6F-D360-4F5D-AEC9-D78AFDFCBDDA}.Release|Any CPU.ActiveCfg = Release|Any CPU
		{93E13A6F-D360-4F5D-AEC9-D78AFDFCBDDA}.Release|Any CPU.Build.0 = Release|Any CPU
		{A6CAB6B3-BAB5-4C04-8879-E94B2B3FF537}.Debug|Any CPU.ActiveCfg = Debug|Any CPU
		{A6CAB6B3-BAB5-4C04-8879-E94B2B3FF537}.Debug|Any CPU.Build.0 = Debug|Any CPU
		{A6CAB6B3-BAB5-4C04-8879-E94B2B3FF537}.Release|Any CPU.ActiveCfg = Release|Any CPU
		{A6CAB6B3-BAB5-4C04-8879-E94B2B3FF537}.Release|Any CPU.Build.0 = Release|Any CPU
	EndGlobalSection
	GlobalSection(NestedProjects) = preSolution
		{8EECDBD5-A623-45EF-A2BA-BC6B076D14D7} = {E883AA4F-8978-4B0E-94F4-19526FCD5C15}
		{487D6F35-F012-4A08-B01F-71F3E814E0B9} = {C32DEFC1-3138-4297-87E7-61C0A8E29CBA}
		{EBA75588-9265-4877-9231-41CD3127F3B0} = {BB3575E9-F883-4D9D-A49B-1F9810F624E0}
		{F4F5AB2D-A0AE-4795-9C9D-0D20638C08C7} = {C32DEFC1-3138-4297-87E7-61C0A8E29CBA}
		{93E13A6F-D360-4F5D-AEC9-D78AFDFCBDDA} = {BB3575E9-F883-4D9D-A49B-1F9810F624E0}
	EndGlobalSection
EndGlobal
